
Microsoft Visual Studio Solution File, Format Version 12.00
# Visual Studio Version 16
VisualStudioVersion = 16.0.30717.126
MinimumVisualStudioVersion = 10.0.40219.1
Project("{FAE04EC0-301F-11D3-BF4B-00C04F79EFBC}") = "Qcentris.Monitoring.Service", "PayoutPlan\Qcentris.Monitoring.Service.csproj", "{075FA5B1-1C0F-4A4C-BC9F-48085E6022D2}"
EndProject
Global
	GlobalSection(SolutionConfigurationPlatforms) = preSolution
		Debug|Any CPU = Debug|Any CPU
		Release|Any CPU = Release|Any CPU
	EndGlobalSection
	GlobalSection(ProjectConfigurationPlatforms) = postSolution
		{075FA5B1-1C0F-4A4C-BC9F-48085E6022D2}.Debug|Any CPU.ActiveCfg = Debug|Any CPU
		{075FA5B1-1C0F-4A4C-BC9F-48085E6022D2}.Debug|Any CPU.Build.0 = Debug|Any CPU
		{075FA5B1-1C0F-4A4C-BC9F-48085E6022D2}.Release|Any CPU.ActiveCfg = Release|Any CPU
		{075FA5B1-1C0F-4A4C-BC9F-48085E6022D2}.Release|Any CPU.Build.0 = Release|Any CPU
	EndGlobalSection
	GlobalSection(SolutionProperties) = preSolution
		HideSolutionNode = FALSE
	EndGlobalSection
	GlobalSection(ExtensibilityGlobals) = postSolution
		SolutionGuid = {44C4C95D-9BEC-431F-BAF8-4CB18763740B}
	EndGlobalSection
EndGlobal
